// !$*UTF8*$!
{
	archiveVersion = 1;
	classes = {
	};
	objectVersion = 46;
	objects = {

/* Begin PBXBuildFile section */
		49BBE78C19C8C05200038698 /* main.m in Sources */ = {isa = PBXBuildFile; fileRef = 49BBE78B19C8C05200038698 /* main.m */; };
		49BBE78F19C8C05200038698 /* AppDelegate.m in Sources */ = {isa = PBXBuildFile; fileRef = 49BBE78E19C8C05200038698 /* AppDelegate.m */; };
		49BBE79219C8C05200038698 /* CandyStore.xcdatamodeld in Sources */ = {isa = PBXBuildFile; fileRef = 49BBE79019C8C05200038698 /* CandyStore.xcdatamodeld */; };
		49BBE79519C8C05200038698 /* ViewController.m in Sources */ = {isa = PBXBuildFile; fileRef = 49BBE79419C8C05200038698 /* ViewController.m */; };
		49BBE79819C8C05200038698 /* Main.storyboard in Resources */ = {isa = PBXBuildFile; fileRef = 49BBE79619C8C05200038698 /* Main.storyboard */; };
		49BBE79A19C8C05200038698 /* Images.xcassets in Resources */ = {isa = PBXBuildFile; fileRef = 49BBE79919C8C05200038698 /* Images.xcassets */; };
		49BBE79D19C8C05200038698 /* LaunchScreen.xib in Resources */ = {isa = PBXBuildFile; fileRef = 49BBE79B19C8C05200038698 /* LaunchScreen.xib */; };
		49BBE7A919C8C05300038698 /* CandyStoreTests.m in Sources */ = {isa = PBXBuildFile; fileRef = 49BBE7A819C8C05300038698 /* CandyStoreTests.m */; };
/* End PBXBuildFile section */

/* Begin PBXContainerItemProxy section */
		49BBE7A319C8C05300038698 /* PBXContainerItemProxy */ = {
			isa = PBXContainerItemProxy;
			containerPortal = 49BBE77E19C8C05200038698 /* Project object */;
			proxyType = 1;
			remoteGlobalIDString = 49BBE78519C8C05200038698;
			remoteInfo = CandyStore;
		};
/* End PBXContainerItemProxy section */

/* Begin PBXFileReference section */
		49BBE78619C8C05200038698 /* CandyStore.app */ = {isa = PBXFileReference; explicitFileType = wrapper.application; includeInIndex = 0; path = CandyStore.app; sourceTree = BUILT_PRODUCTS_DIR; };
		49BBE78A19C8C05200038698 /* Info.plist */ = {isa = PBXFileReference; lastKnownFileType = text.plist.xml; path = Info.plist; sourceTree = "<group>"; };
		49BBE78B19C8C05200038698 /* main.m */ = {isa = PBXFileReference; lastKnownFileType = sourcecode.c.objc; path = main.m; sourceTree = "<group>"; };
		49BBE78D19C8C05200038698 /* AppDelegate.h */ = {isa = PBXFileReference; lastKnownFileType = sourcecode.c.h; path = AppDelegate.h; sourceTree = "<group>"; };
		49BBE78E19C8C05200038698 /* AppDelegate.m */ = {isa = PBXFileReference; lastKnownFileType = sourcecode.c.objc; path = AppDelegate.m; sourceTree = "<group>"; };
		49BBE79119C8C05200038698 /* CandyStore.xcdatamodel */ = {isa = PBXFileReference; lastKnownFileType = wrapper.xcdatamodel; path = CandyStore.xcdatamodel; sourceTree = "<group>"; };
		49BBE79319C8C05200038698 /* ViewController.h */ = {isa = PBXFileReference; lastKnownFileType = sourcecode.c.h; path = ViewController.h; sourceTree = "<group>"; };
		49BBE79419C8C05200038698 /* ViewController.m */ = {isa = PBXFileReference; lastKnownFileType = sourcecode.c.objc; path = ViewController.m; sourceTree = "<group>"; };
		49BBE79719C8C05200038698 /* Base */ = {isa = PBXFileReference; lastKnownFileType = file.storyboard; name = Base; path = Base.lproj/Main.storyboard; sourceTree = "<group>"; };
		49BBE79919C8C05200038698 /* Images.xcassets */ = {isa = PBXFileReference; lastKnownFileType = folder.assetcatalog; path = Images.xcassets; sourceTree = "<group>"; };
		49BBE79C19C8C05200038698 /* Base */ = {isa = PBXFileReference; lastKnownFileType = file.xib; name = Base; path = Base.lproj/LaunchScreen.xib; sourceTree = "<group>"; };
		49BBE7A219C8C05300038698 /* CandyStoreTests.xctest */ = {isa = PBXFileReference; explicitFileType = wrapper.cfbundle; includeInIndex = 0; path = CandyStoreTests.xctest; sourceTree = BUILT_PRODUCTS_DIR; };
		49BBE7A719C8C05300038698 /* Info.plist */ = {isa = PBXFileReference; lastKnownFileType = text.plist.xml; path = Info.plist; sourceTree = "<group>"; };
		49BBE7A819C8C05300038698 /* CandyStoreTests.m */ = {isa = PBXFileReference; lastKnownFileType = sourcecode.c.objc; path = CandyStoreTests.m; sourceTree = "<group>"; };
/* End PBXFileReference section */

/* Begin PBXFrameworksBuildPhase section */
		49BBE78319C8C05200038698 /* Frameworks */ = {
			isa = PBXFrameworksBuildPhase;
			buildActionMask = 2147483647;
			files = (
			);
			runOnlyForDeploymentPostprocessing = 0;
		};
		49BBE79F19C8C05300038698 /* Frameworks */ = {
			isa = PBXFrameworksBuildPhase;
			buildActionMask = 2147483647;
			files = (
			);
			runOnlyForDeploymentPostprocessing = 0;
		};
/* End PBXFrameworksBuildPhase section */

/* Begin PBXGroup section */
		49BBE77D19C8C05200038698 = {
			isa = PBXGroup;
			children = (
				49BBE78819C8C05200038698 /* CandyStore */,
				49BBE7A519C8C05300038698 /* CandyStoreTests */,
				49BBE78719C8C05200038698 /* Products */,
			);
			sourceTree = "<group>";
		};
		49BBE78719C8C05200038698 /* Products */ = {
			isa = PBXGroup;
			children = (
				49BBE78619C8C05200038698 /* CandyStore.app */,
				49BBE7A219C8C05300038698 /* CandyStoreTests.xctest */,
			);
			name = Products;
			sourceTree = "<group>";
		};
		49BBE78819C8C05200038698 /* CandyStore */ = {
			isa = PBXGroup;
			children = (
				49BBE78D19C8C05200038698 /* AppDelegate.h */,
				49BBE78E19C8C05200038698 /* AppDelegate.m */,
				49BBE79319C8C05200038698 /* ViewController.h */,
				49BBE79419C8C05200038698 /* ViewController.m */,
				49BBE79619C8C05200038698 /* Main.storyboard */,
				49BBE79919C8C05200038698 /* Images.xcassets */,
				49BBE79B19C8C05200038698 /* LaunchScreen.xib */,
				49BBE79019C8C05200038698 /* CandyStore.xcdatamodeld */,
				49BBE78919C8C05200038698 /* Supporting Files */,
			);
			path = CandyStore;
			sourceTree = "<group>";
		};
		49BBE78919C8C05200038698 /* Supporting Files */ = {
			isa = PBXGroup;
			children = (
				49BBE78A19C8C05200038698 /* Info.plist */,
				49BBE78B19C8C05200038698 /* main.m */,
			);
			name = "Supporting Files";
			sourceTree = "<group>";
		};
		49BBE7A519C8C05300038698 /* CandyStoreTests */ = {
			isa = PBXGroup;
			children = (
				49BBE7A819C8C05300038698 /* CandyStoreTests.m */,
				49BBE7A619C8C05300038698 /* Supporting Files */,
			);
			path = CandyStoreTests;
			sourceTree = "<group>";
		};
		49BBE7A619C8C05300038698 /* Supporting Files */ = {
			isa = PBXGroup;
			children = (
				49BBE7A719C8C05300038698 /* Info.plist */,
			);
			name = "Supporting Files";
			sourceTree = "<group>";
		};
/* End PBXGroup section */

/* Begin PBXNativeTarget section */
		49BBE78519C8C05200038698 /* CandyStore */ = {
			isa = PBXNativeTarget;
			buildConfigurationList = 49BBE7AC19C8C05300038698 /* Build configuration list for PBXNativeTarget "CandyStore" */;
			buildPhases = (
				49BBE78219C8C05200038698 /* Sources */,
				49BBE78319C8C05200038698 /* Frameworks */,
				49BBE78419C8C05200038698 /* Resources */,
			);
			buildRules = (
			);
			dependencies = (
			);
			name = CandyStore;
			productName = CandyStore;
			productReference = 49BBE78619C8C05200038698 /* CandyStore.app */;
			productType = "com.apple.product-type.application";
		};
		49BBE7A119C8C05300038698 /* CandyStoreTests */ = {
			isa = PBXNativeTarget;
			buildConfigurationList = 49BBE7AF19C8C05300038698 /* Build configuration list for PBXNativeTarget "CandyStoreTests" */;
			buildPhases = (
				49BBE79E19C8C05300038698 /* Sources */,
				49BBE79F19C8C05300038698 /* Frameworks */,
				49BBE7A019C8C05300038698 /* Resources */,
			);
			buildRules = (
			);
			dependencies = (
				49BBE7A419C8C05300038698 /* PBXTargetDependency */,
			);
			name = CandyStoreTests;
			productName = CandyStoreTests;
			productReference = 49BBE7A219C8C05300038698 /* CandyStoreTests.xctest */;
			productType = "com.apple.product-type.bundle.unit-test";
		};
/* End PBXNativeTarget section */

/* Begin PBXProject section */
		49BBE77E19C8C05200038698 /* Project object */ = {
			isa = PBXProject;
			attributes = {
				LastUpgradeCheck = 0600;
				ORGANIZATIONNAME = "Andrew Brandt";
				TargetAttributes = {
					49BBE78519C8C05200038698 = {
						CreatedOnToolsVersion = 6.0;
					};
					49BBE7A119C8C05300038698 = {
						CreatedOnToolsVersion = 6.0;
						TestTargetID = 49BBE78519C8C05200038698;
					};
				};
			};
			buildConfigurationList = 49BBE78119C8C05200038698 /* Build configuration list for PBXProject "CandyStore" */;
			compatibilityVersion = "Xcode 3.2";
			developmentRegion = English;
			hasScannedForEncodings = 0;
			knownRegions = (
				en,
				Base,
			);
			mainGroup = 49BBE77D19C8C05200038698;
			productRefGroup = 49BBE78719C8C05200038698 /* Products */;
			projectDirPath = "";
			projectRoot = "";
			targets = (
				49BBE78519C8C05200038698 /* CandyStore */,
				49BBE7A119C8C05300038698 /* CandyStoreTests */,
			);
		};
/* End PBXProject section */

/* Begin PBXResourcesBuildPhase section */
		49BBE78419C8C05200038698 /* Resources */ = {
			isa = PBXResourcesBuildPhase;
			buildActionMask = 2147483647;
			files = (
				49BBE79819C8C05200038698 /* Main.storyboard in Resources */,
				49BBE79D19C8C05200038698 /* LaunchScreen.xib in Resources */,
				49BBE79A19C8C05200038698 /* Images.xcassets in Resources */,
			);
			runOnlyForDeploymentPostprocessing = 0;
		};
		49BBE7A019C8C05300038698 /* Resources */ = {
			isa = PBXResourcesBuildPhase;
			buildActionMask = 2147483647;
			files = (
			);
			runOnlyForDeploymentPostprocessing = 0;
		};
/* End PBXResourcesBuildPhase section */

/* Begin PBXSourcesBuildPhase section */
		49BBE78219C8C05200038698 /* Sources */ = {
			isa = PBXSourcesBuildPhase;
			buildActionMask = 2147483647;
			files = (
				49BBE79219C8C05200038698 /* CandyStore.xcdatamodeld in Sources */,
				49BBE78F19C8C05200038698 /* AppDelegate.m in Sources */,
				49BBE79519C8C05200038698 /* ViewController.m in Sources */,
				49BBE78C19C8C05200038698 /* main.m in Sources */,
			);
			runOnlyForDeploymentPostprocessing = 0;
		};
		49BBE79E19C8C05300038698 /* Sources */ = {
			isa = PBXSourcesBuildPhase;
			buildActionMask = 2147483647;
			files = (
				49BBE7A919C8C05300038698 /* CandyStoreTests.m in Sources */,
			);
			runOnlyForDeploymentPostprocessing = 0;
		};
/* End PBXSourcesBuildPhase section */

/* Begin PBXTargetDependency section */
		49BBE7A419C8C05300038698 /* PBXTargetDependency */ = {
			isa = PBXTargetDependency;
			target = 49BBE78519C8C05200038698 /* CandyStore */;
			targetProxy = 49BBE7A319C8C05300038698 /* PBXContainerItemProxy */;
		};
/* End PBXTargetDependency section */

/* Begin PBXVariantGroup section */
		49BBE79619C8C05200038698 /* Main.storyboard */ = {
			isa = PBXVariantGroup;
			children = (
				49BBE79719C8C05200038698 /* Base */,
			);
			name = Main.storyboard;
			sourceTree = "<group>";
		};
		49BBE79B19C8C05200038698 /* LaunchScreen.xib */ = {
			isa = PBXVariantGroup;
			children = (
				49BBE79C19C8C05200038698 /* Base */,
			);
			name = LaunchScreen.xib;
			sourceTree = "<group>";
		};
/* End PBXVariantGroup section */

/* Begin XCBuildConfiguration section */
		49BBE7AA19C8C05300038698 /* Debug */ = {
			isa = XCBuildConfiguration;
			buildSettings = {
				ALWAYS_SEARCH_USER_PATHS = NO;
				CLANG_CXX_LANGUAGE_STANDARD = "gnu++0x";
				CLANG_CXX_LIBRARY = "libc++";
				CLANG_ENABLE_MODULES = YES;
				CLANG_ENABLE_OBJC_ARC = YES;
				CLANG_WARN_BOOL_CONVERSION = YES;
				CLANG_WARN_CONSTANT_CONVERSION = YES;
				CLANG_WARN_DIRECT_OBJC_ISA_USAGE = YES_ERROR;
				CLANG_WARN_EMPTY_BODY = YES;
				CLANG_WARN_ENUM_CONVERSION = YES;
				CLANG_WARN_INT_CONVERSION = YES;
				CLANG_WARN_OBJC_ROOT_CLASS = YES_ERROR;
				CLANG_WARN_UNREACHABLE_CODE = YES;
				CLANG_WARN__DUPLICATE_METHOD_MATCH = YES;
				"CODE_SIGN_IDENTITY[sdk=iphoneos*]" = "iPhone Developer";
				COPY_PHASE_STRIP = NO;
				ENABLE_STRICT_OBJC_MSGSEND = YES;
				GCC_C_LANGUAGE_STANDARD = gnu99;
				GCC_DYNAMIC_NO_PIC = NO;
				GCC_OPTIMIZATION_LEVEL = 0;
				GCC_PREPROCESSOR_DEFINITIONS = (
					"DEBUG=1",
					"$(inherited)",
				);
				GCC_SYMBOLS_PRIVATE_EXTERN = NO;
				GCC_WARN_64_TO_32_BIT_CONVERSION = YES;
				GCC_WARN_ABOUT_RETURN_TYPE = YES_ERROR;
				GCC_WARN_UNDECLARED_SELECTOR = YES;
				GCC_WARN_UNINITIALIZED_AUTOS = YES_AGGRESSIVE;
				GCC_WARN_UNUSED_FUNCTION = YES;
				GCC_WARN_UNUSED_VARIABLE = YES;
				IPHONEOS_DEPLOYMENT_TARGET = 8.0;
				MTL_ENABLE_DEBUG_INFO = YES;
				ONLY_ACTIVE_ARCH = YES;
				SDKROOT = iphoneos;
				TARGETED_DEVICE_FAMILY = "1,2";
			};
			name = Debug;
		};
		49BBE7AB19C8C05300038698 /* Release */ = {
			isa = XCBuildConfiguration;
			buildSettings = {
				ALWAYS_SEARCH_USER_PATHS = NO;
				CLANG_CXX_LANGUAGE_STANDARD = "gnu++0x";
				CLANG_CXX_LIBRARY = "libc++";
				CLANG_ENABLE_MODULES = YES;
				CLANG_ENABLE_OBJC_ARC = YES;
				CLANG_WARN_BOOL_CONVERSION = YES;
				CLANG_WARN_CONSTANT_CONVERSION = YES;
				CLANG_WARN_DIRECT_OBJC_ISA_USAGE = YES_ERROR;
				CLANG_WARN_EMPTY_BODY = YES;
				CLANG_WARN_ENUM_CONVERSION = YES;
				CLANG_WARN_INT_CONVERSION = YES;
				CLANG_WARN_OBJC_ROOT_CLASS = YES_ERROR;
				CLANG_WARN_UNREACHABLE_CODE = YES;
				CLANG_WARN__DUPLICATE_METHOD_MATCH = YES;
				"CODE_SIGN_IDENTITY[sdk=iphoneos*]" = "iPhone Developer";
				COPY_PHASE_STRIP = YES;
				ENABLE_NS_ASSERTIONS = NO;
				ENABLE_STRICT_OBJC_MSGSEND = YES;
				GCC_C_LANGUAGE_STANDARD = gnu99;
				GCC_WARN_64_TO_32_BIT_CONVERSION = YES;
				GCC_WARN_ABOUT_RETURN_TYPE = YES_ERROR;
				GCC_WARN_UNDECLARED_SELECTOR = YES;
				GCC_WARN_UNINITIALIZED_AUTOS = YES_AGGRESSIVE;
				GCC_WARN_UNUSED_FUNCTION = YES;
				GCC_WARN_UNUSED_VARIABLE = YES;
				IPHONEOS_DEPLOYMENT_TARGET = 8.0;
				MTL_ENABLE_DEBUG_INFO = NO;
				SDKROOT = iphoneos;
				TARGETED_DEVICE_FAMILY = "1,2";
				VALIDATE_PRODUCT = YES;
			};
			name = Release;
		};
		49BBE7AD19C8C05300038698 /* Debug */ = {
			isa = XCBuildConfiguration;
			buildSettings = {
				ASSETCATALOG_COMPILER_APPICON_NAME = AppIcon;
				INFOPLIST_FILE = CandyStore/Info.plist;
				LD_RUNPATH_SEARCH_PATHS = "$(inherited) @executable_path/Frameworks";
				PRODUCT_NAME = "$(TARGET_NAME)";
			};
			name = Debug;
		};
		49BBE7AE19C8C05300038698 /* Release */ = {
			isa = XCBuildConfiguration;
			buildSettings = {
				ASSETCATALOG_COMPILER_APPICON_NAME = AppIcon;
				INFOPLIST_FILE = CandyStore/Info.plist;
				LD_RUNPATH_SEARCH_PATHS = "$(inherited) @executable_path/Frameworks";
				PRODUCT_NAME = "$(TARGET_NAME)";
			};
			name = Release;
		};
		49BBE7B019C8C05300038698 /* Debug */ = {
			isa = XCBuildConfiguration;
			buildSettings = {
				BUNDLE_LOADER = "$(TEST_HOST)";
				FRAMEWORK_SEARCH_PATHS = (
					"$(SDKROOT)/Developer/Library/Frameworks",
					"$(inherited)",
				);
				GCC_PREPROCESSOR_DEFINITIONS = (
					"DEBUG=1",
					"$(inherited)",
				);
				INFOPLIST_FILE = CandyStoreTests/Info.plist;
				LD_RUNPATH_SEARCH_PATHS = "$(inherited) @executable_path/Frameworks @loader_path/Frameworks";
				PRODUCT_NAME = "$(TARGET_NAME)";
				TEST_HOST = "$(BUILT_PRODUCTS_DIR)/CandyStore.app/CandyStore";
			};
			name = Debug;
		};
		49BBE7B119C8C05300038698 /* Release */ = {
			isa = XCBuildConfiguration;
			buildSettings = {
				BUNDLE_LOADER = "$(TEST_HOST)";
				FRAMEWORK_SEARCH_PATHS = (
					"$(SDKROOT)/Developer/Library/Frameworks",
					"$(inherited)",
				);
				INFOPLIST_FILE = CandyStoreTests/Info.plist;
				LD_RUNPATH_SEARCH_PATHS = "$(inherited) @executable_path/Frameworks @loader_path/Frameworks";
				PRODUCT_NAME = "$(TARGET_NAME)";
				TEST_HOST = "$(BUILT_PRODUCTS_DIR)/CandyStore.app/CandyStore";
			};
			name = Release;
		};
/* End XCBuildConfiguration section */

/* Begin XCConfigurationList section */
		49BBE78119C8C05200038698 /* Build configuration list for PBXProject "CandyStore" */ = {
			isa = XCConfigurationList;
			buildConfigurations = (
				49BBE7AA19C8C05300038698 /* Debug */,
				49BBE7AB19C8C05300038698 /* Release */,
			);
			defaultConfigurationIsVisible = 0;
			defaultConfigurationName = Release;
		};
		49BBE7AC19C8C05300038698 /* Build configuration list for PBXNativeTarget "CandyStore" */ = {
			isa = XCConfigurationList;
			buildConfigurations = (
				49BBE7AD19C8C05300038698 /* Debug */,
				49BBE7AE19C8C05300038698 /* Release */,
			);
			defaultConfigurationIsVisible = 0;
		};
		49BBE7AF19C8C05300038698 /* Build configuration list for PBXNativeTarget "CandyStoreTests" */ = {
			isa = XCConfigurationList;
			buildConfigurations = (
				49BBE7B019C8C05300038698 /* Debug */,
				49BBE7B119C8C05300038698 /* Release */,
			);
			defaultConfigurationIsVisible = 0;
		};
/* End XCConfigurationList section */

/* Begin XCVersionGroup section */
		49BBE79019C8C05200038698 /* CandyStore.xcdatamodeld */ = {
			isa = XCVersionGroup;
			children = (
				49BBE79119C8C05200038698 /* CandyStore.xcdatamodel */,
			);
			currentVersion = 49BBE79119C8C05200038698 /* CandyStore.xcdatamodel */;
			path = CandyStore.xcdatamodeld;
			sourceTree = "<group>";
			versionGroupType = wrapper.xcdatamodel;
		};
/* End XCVersionGroup section */
	};
	rootObject = 49BBE77E19C8C05200038698 /* Project object */;
}
